
Microsoft Visual Studio Solution File, Format Version 12.00
# Visual Studio Version 17
VisualStudioVersion = 17.3.32819.101
MinimumVisualStudioVersion = 10.0.40219.1
Project("{FAE04EC0-301F-11D3-BF4B-00C04F79EFBC}") = "Ejem3", "Ejem3\Ejem3.csproj", "{ED2E20E2-221D-422D-A807-6D752AEAC588}"
EndProject
Global
	GlobalSection(SolutionConfigurationPlatforms) = preSolution
		Debug|Any CPU = Debug|Any CPU
		Release|Any CPU = Release|Any CPU
	EndGlobalSection
	GlobalSection(ProjectConfigurationPlatforms) = postSolution
		{ED2E20E2-221D-422D-A807-6D752AEAC588}.Debug|Any CPU.ActiveCfg = Debug|Any CPU
		{ED2E20E2-221D-422D-A807-6D752AEAC588}.Debug|Any CPU.Build.0 = Debug|Any CPU
		{ED2E20E2-221D-422D-A807-6D752AEAC588}.Release|Any CPU.ActiveCfg = Release|Any CPU
		{ED2E20E2-221D-422D-A807-6D752AEAC588}.Release|Any CPU.Build.0 = Release|Any CPU
	EndGlobalSection
	GlobalSection(SolutionProperties) = preSolution
		HideSolutionNode = FALSE
	EndGlobalSection
	GlobalSection(ExtensibilityGlobals) = postSolution
		SolutionGuid = {55832B04-506F-4D0D-A6B2-4962FCF98F8D}
	EndGlobalSection
EndGlobal
